
Microsoft Visual Studio Solution File, Format Version 12.00
# Visual Studio Version 17
VisualStudioVersion = 17.9.34723.18
MinimumVisualStudioVersion = 10.0.40219.1
Project("{9A19103F-16F7-4668-BE54-9A1E7A4F7556}") = "kcg-ecs-test", "src\kcg-ecs-test.csproj", "{A3285745-B8AD-4A4D-84A4-AB6DFABD78A9}"
EndProject
Project("{2150E333-8FDC-42A3-9474-1A3956D46DE8}") = "customEntitas", "customEntitas", "{B65FE43D-C9E7-488E-82BD-E22E2BAD5468}"
EndProject
Project("{9A19103F-16F7-4668-BE54-9A1E7A4F7556}") = "Entitas.CodeGeneration.Plugins", "customEntitas\src\Entitas.CodeGeneration.Plugins\src\Entitas.CodeGeneration.Plugins.csproj", "{675B6E2D-8CF9-4542-8524-F6100840B3A1}"
EndProject
Project("{9A19103F-16F7-4668-BE54-9A1E7A4F7556}") = "Entitas.CodeGeneration.Attributes", "customEntitas\src\Entitas.CodeGeneration.Attributes\src\Entitas.CodeGeneration.Attributes.csproj", "{99C8B9EF-ACD6-435D-9875-AD315075BD79}"
EndProject
Project("{9A19103F-16F7-4668-BE54-9A1E7A4F7556}") = "Entitas", "customEntitas\src\Entitas\src\Entitas.csproj", "{EC766319-1E37-49D5-8944-8BD5F66C8579}"
EndProject
Project("{2150E333-8FDC-42A3-9474-1A3956D46DE8}") = "Jenny", "Jenny", "{AB44FE02-74EA-4FF6-AE75-4CFAC436432B}"
EndProject
Project("{9A19103F-16F7-4668-BE54-9A1E7A4F7556}") = "RunCodeGenerator", "RunCodeGenerator\RunCodeGenerator.csproj", "{4E7A5425-81B4-4478-AF91-E2F38B7D3CF0}"
EndProject
Project("{9A19103F-16F7-4668-BE54-9A1E7A4F7556}") = "Jenny", "Jenny\src\Jenny\Jenny.csproj", "{B736E1BA-B8D6-4620-9054-41EA82B06C97}"
EndProject
Project("{9A19103F-16F7-4668-BE54-9A1E7A4F7556}") = "Jenny.Generator", "Jenny\src\Jenny.Generator\Jenny.Generator.csproj", "{BB6210AF-7E38-41D2-8538-FA78467F39B7}"
EndProject
Project("{9A19103F-16F7-4668-BE54-9A1E7A4F7556}") = "Jenny.Plugins", "Jenny\src\Jenny.Plugins\Jenny.Plugins.csproj", "{00B803D1-F351-4F47-861C-D93DF35D5A84}"
EndProject
Project("{9A19103F-16F7-4668-BE54-9A1E7A4F7556}") = "Entitas.Roslyn.CodeGeneration.Plugins", "customEntitas\src\Entitas.Roslyn.CodeGeneration.Plugins\src\Entitas.Roslyn.CodeGeneration.Plugins.csproj", "{60807C7E-EE40-4091-ADB8-A8D6541B3297}"
EndProject
Global
	GlobalSection(SolutionConfigurationPlatforms) = preSolution
		Debug|Any CPU = Debug|Any CPU
		Release|Any CPU = Release|Any CPU
	EndGlobalSection
	GlobalSection(ProjectConfigurationPlatforms) = postSolution
		{A3285745-B8AD-4A4D-84A4-AB6DFABD78A9}.Debug|Any CPU.ActiveCfg = Debug|Any CPU
		{A3285745-B8AD-4A4D-84A4-AB6DFABD78A9}.Debug|Any CPU.Build.0 = Debug|Any CPU
		{A3285745-B8AD-4A4D-84A4-AB6DFABD78A9}.Release|Any CPU.ActiveCfg = Release|Any CPU
		{A3285745-B8AD-4A4D-84A4-AB6DFABD78A9}.Release|Any CPU.Build.0 = Release|Any CPU
		{675B6E2D-8CF9-4542-8524-F6100840B3A1}.Debug|Any CPU.ActiveCfg = Debug|Any CPU
		{675B6E2D-8CF9-4542-8524-F6100840B3A1}.Debug|Any CPU.Build.0 = Debug|Any CPU
		{675B6E2D-8CF9-4542-8524-F6100840B3A1}.Release|Any CPU.ActiveCfg = Release|Any CPU
		{675B6E2D-8CF9-4542-8524-F6100840B3A1}.Release|Any CPU.Build.0 = Release|Any CPU
		{99C8B9EF-ACD6-435D-9875-AD315075BD79}.Debug|Any CPU.ActiveCfg = Debug|Any CPU
		{99C8B9EF-ACD6-435D-9875-AD315075BD79}.Debug|Any CPU.Build.0 = Debug|Any CPU
		{99C8B9EF-ACD6-435D-9875-AD315075BD79}.Release|Any CPU.ActiveCfg = Release|Any CPU
		{99C8B9EF-ACD6-435D-9875-AD315075BD79}.Release|Any CPU.Build.0 = Release|Any CPU
		{EC766319-1E37-49D5-8944-8BD5F66C8579}.Debug|Any CPU.ActiveCfg = Debug|Any CPU
		{EC766319-1E37-49D5-8944-8BD5F66C8579}.Debug|Any CPU.Build.0 = Debug|Any CPU
		{EC766319-1E37-49D5-8944-8BD5F66C8579}.Release|Any CPU.ActiveCfg = Release|Any CPU
		{EC766319-1E37-49D5-8944-8BD5F66C8579}.Release|Any CPU.Build.0 = Release|Any CPU
		{4E7A5425-81B4-4478-AF91-E2F38B7D3CF0}.Debug|Any CPU.ActiveCfg = Debug|Any CPU
		{4E7A5425-81B4-4478-AF91-E2F38B7D3CF0}.Debug|Any CPU.Build.0 = Debug|Any CPU
		{4E7A5425-81B4-4478-AF91-E2F38B7D3CF0}.Release|Any CPU.ActiveCfg = Release|Any CPU
		{4E7A5425-81B4-4478-AF91-E2F38B7D3CF0}.Release|Any CPU.Build.0 = Release|Any CPU
		{B736E1BA-B8D6-4620-9054-41EA82B06C97}.Debug|Any CPU.ActiveCfg = Debug|Any CPU
		{B736E1BA-B8D6-4620-9054-41EA82B06C97}.Debug|Any CPU.Build.0 = Debug|Any CPU
		{B736E1BA-B8D6-4620-9054-41EA82B06C97}.Release|Any CPU.ActiveCfg = Release|Any CPU
		{B736E1BA-B8D6-4620-9054-41EA82B06C97}.Release|Any CPU.Build.0 = Release|Any CPU
		{BB6210AF-7E38-41D2-8538-FA78467F39B7}.Debug|Any CPU.ActiveCfg = Debug|Any CPU
		{BB6210AF-7E38-41D2-8538-FA78467F39B7}.Debug|Any CPU.Build.0 = Debug|Any CPU
		{BB6210AF-7E38-41D2-8538-FA78467F39B7}.Release|Any CPU.ActiveCfg = Release|Any CPU
		{BB6210AF-7E38-41D2-8538-FA78467F39B7}.Release|Any CPU.Build.0 = Release|Any CPU
		{00B803D1-F351-4F47-861C-D93DF35D5A84}.Debug|Any CPU.ActiveCfg = Debug|Any CPU
		{00B803D1-F351-4F47-861C-D93DF35D5A84}.Debug|Any CPU.Build.0 = Debug|Any CPU
		{00B803D1-F351-4F47-861C-D93DF35D5A84}.Release|Any CPU.ActiveCfg = Release|Any CPU
		{00B803D1-F351-4F47-861C-D93DF35D5A84}.Release|Any CPU.Build.0 = Release|Any CPU
		{60807C7E-EE40-4091-ADB8-A8D6541B3297}.Debug|Any CPU.ActiveCfg = Debug|Any CPU
		{60807C7E-EE40-4091-ADB8-A8D6541B3297}.Debug|Any CPU.Build.0 = Debug|Any CPU
		{60807C7E-EE40-4091-ADB8-A8D6541B3297}.Release|Any CPU.ActiveCfg = Release|Any CPU
		{60807C7E-EE40-4091-ADB8-A8D6541B3297}.Release|Any CPU.Build.0 = Release|Any CPU
	EndGlobalSection
	GlobalSection(SolutionProperties) = preSolution
		HideSolutionNode = FALSE
	EndGlobalSection
	GlobalSection(NestedProjects) = preSolution
		{675B6E2D-8CF9-4542-8524-F6100840B3A1} = {B65FE43D-C9E7-488E-82BD-E22E2BAD5468}
		{99C8B9EF-ACD6-435D-9875-AD315075BD79} = {B65FE43D-C9E7-488E-82BD-E22E2BAD5468}
		{EC766319-1E37-49D5-8944-8BD5F66C8579} = {B65FE43D-C9E7-488E-82BD-E22E2BAD5468}
		{B736E1BA-B8D6-4620-9054-41EA82B06C97} = {AB44FE02-74EA-4FF6-AE75-4CFAC436432B}
		{BB6210AF-7E38-41D2-8538-FA78467F39B7} = {AB44FE02-74EA-4FF6-AE75-4CFAC436432B}
		{00B803D1-F351-4F47-861C-D93DF35D5A84} = {AB44FE02-74EA-4FF6-AE75-4CFAC436432B}
		{60807C7E-EE40-4091-ADB8-A8D6541B3297} = {B65FE43D-C9E7-488E-82BD-E22E2BAD5468}
	EndGlobalSection
	GlobalSection(ExtensibilityGlobals) = postSolution
		SolutionGuid = {9480B931-F4A2-47F8-B281-0BC37902E346}
	EndGlobalSection
EndGlobal
