Microsoft Visual Studio Solution File, Format Version 12.00
#
Project("{FAE04EC0-301F-11D3-BF4B-00C04F79EFBC}") = "kcg-ecs-test", "src\kcg-ecs-test.csproj", "{A3285745-B8AD-4A4D-84A4-AB6DFABD78A9}"
EndProject
Project("{FAE04EC0-301F-11D3-BF4B-00C04F79EFBC}") = "RunCodeGenerator", "jenny\RunCodeGenerator.csproj", "{B92E4EF6-288D-41C6-AC44-98DA5E4C44B0}"
EndProject
Project("{2150E333-8FDC-42A3-9474-1A3956D46DE8}") = "customEntitas", "customEntitas", "{B65FE43D-C9E7-488E-82BD-E22E2BAD5468}"
EndProject
Project("{FAE04EC0-301F-11D3-BF4B-00C04F79EFBC}") = "Entitas.Roslyn.CodeGeneration.Plugins", "customEntitas\src\Entitas.Roslyn.CodeGeneration.Plugins\src\Entitas.Roslyn.CodeGeneration.Plugins.csproj", "{27A28546-BB82-4208-8CFA-CB2DBC28E57C}"
EndProject
Project("{FAE04EC0-301F-11D3-BF4B-00C04F79EFBC}") = "Entitas.CodeGeneration.Plugins", "customEntitas\src\Entitas.CodeGeneration.Plugins\src\Entitas.CodeGeneration.Plugins.csproj", "{675B6E2D-8CF9-4542-8524-F6100840B3A1}"
EndProject
Project("{FAE04EC0-301F-11D3-BF4B-00C04F79EFBC}") = "Entitas.CodeGeneration.Attributes", "customEntitas\src\Entitas.CodeGeneration.Attributes\src\Entitas.CodeGeneration.Attributes.csproj", "{99C8B9EF-ACD6-435D-9875-AD315075BD79}"
EndProject
Project("{FAE04EC0-301F-11D3-BF4B-00C04F79EFBC}") = "Entitas", "customEntitas\src\Entitas\src\Entitas.csproj", "{EC766319-1E37-49D5-8944-8BD5F66C8579}"
EndProject
Global
	GlobalSection(SolutionConfigurationPlatforms) = preSolution
		Debug|Any CPU = Debug|Any CPU
		Release|Any CPU = Release|Any CPU
	EndGlobalSection
	GlobalSection(ProjectConfigurationPlatforms) = postSolution
		{A3285745-B8AD-4A4D-84A4-AB6DFABD78A9}.Debug|Any CPU.ActiveCfg = Debug|Any CPU
		{A3285745-B8AD-4A4D-84A4-AB6DFABD78A9}.Debug|Any CPU.Build.0 = Debug|Any CPU
		{A3285745-B8AD-4A4D-84A4-AB6DFABD78A9}.Release|Any CPU.ActiveCfg = Release|Any CPU
		{A3285745-B8AD-4A4D-84A4-AB6DFABD78A9}.Release|Any CPU.Build.0 = Release|Any CPU
		{B92E4EF6-288D-41C6-AC44-98DA5E4C44B0}.Debug|Any CPU.ActiveCfg = Debug|Any CPU
		{B92E4EF6-288D-41C6-AC44-98DA5E4C44B0}.Debug|Any CPU.Build.0 = Debug|Any CPU
		{B92E4EF6-288D-41C6-AC44-98DA5E4C44B0}.Release|Any CPU.ActiveCfg = Release|Any CPU
		{B92E4EF6-288D-41C6-AC44-98DA5E4C44B0}.Release|Any CPU.Build.0 = Release|Any CPU
		{27A28546-BB82-4208-8CFA-CB2DBC28E57C}.Debug|Any CPU.ActiveCfg = Debug|Any CPU
		{27A28546-BB82-4208-8CFA-CB2DBC28E57C}.Debug|Any CPU.Build.0 = Debug|Any CPU
		{27A28546-BB82-4208-8CFA-CB2DBC28E57C}.Release|Any CPU.ActiveCfg = Release|Any CPU
		{27A28546-BB82-4208-8CFA-CB2DBC28E57C}.Release|Any CPU.Build.0 = Release|Any CPU
		{675B6E2D-8CF9-4542-8524-F6100840B3A1}.Debug|Any CPU.ActiveCfg = Debug|Any CPU
		{675B6E2D-8CF9-4542-8524-F6100840B3A1}.Debug|Any CPU.Build.0 = Debug|Any CPU
		{675B6E2D-8CF9-4542-8524-F6100840B3A1}.Release|Any CPU.ActiveCfg = Release|Any CPU
		{675B6E2D-8CF9-4542-8524-F6100840B3A1}.Release|Any CPU.Build.0 = Release|Any CPU
		{99C8B9EF-ACD6-435D-9875-AD315075BD79}.Debug|Any CPU.ActiveCfg = Debug|Any CPU
		{99C8B9EF-ACD6-435D-9875-AD315075BD79}.Debug|Any CPU.Build.0 = Debug|Any CPU
		{99C8B9EF-ACD6-435D-9875-AD315075BD79}.Release|Any CPU.ActiveCfg = Release|Any CPU
		{99C8B9EF-ACD6-435D-9875-AD315075BD79}.Release|Any CPU.Build.0 = Release|Any CPU
		{EC766319-1E37-49D5-8944-8BD5F66C8579}.Debug|Any CPU.ActiveCfg = Debug|Any CPU
		{EC766319-1E37-49D5-8944-8BD5F66C8579}.Debug|Any CPU.Build.0 = Debug|Any CPU
		{EC766319-1E37-49D5-8944-8BD5F66C8579}.Release|Any CPU.ActiveCfg = Release|Any CPU
		{EC766319-1E37-49D5-8944-8BD5F66C8579}.Release|Any CPU.Build.0 = Release|Any CPU
	EndGlobalSection
	GlobalSection(NestedProjects) = preSolution
		{27A28546-BB82-4208-8CFA-CB2DBC28E57C} = {B65FE43D-C9E7-488E-82BD-E22E2BAD5468}
		{675B6E2D-8CF9-4542-8524-F6100840B3A1} = {B65FE43D-C9E7-488E-82BD-E22E2BAD5468}
		{99C8B9EF-ACD6-435D-9875-AD315075BD79} = {B65FE43D-C9E7-488E-82BD-E22E2BAD5468}
		{EC766319-1E37-49D5-8944-8BD5F66C8579} = {B65FE43D-C9E7-488E-82BD-E22E2BAD5468}
	EndGlobalSection
EndGlobal
